
Microsoft Visual Studio Solution File, Format Version 12.00
# Visual Studio Version 16
VisualStudioVersion = 16.0.32802.440
MinimumVisualStudioVersion = 10.0.40219.1
Project("{FAE04EC0-301F-11D3-BF4B-00C04F79EFBC}") = "Groan", "testProj\Groan.csproj", "{26EE2E9A-2038-4B1F-A6D9-B9D8B9C27C47}"
EndProject
Global
	GlobalSection(SolutionConfigurationPlatforms) = preSolution
		Debug|Any CPU = Debug|Any CPU
		Release|Any CPU = Release|Any CPU
	EndGlobalSection
	GlobalSection(ProjectConfigurationPlatforms) = postSolution
		{26EE2E9A-2038-4B1F-A6D9-B9D8B9C27C47}.Debug|Any CPU.ActiveCfg = Debug|Any CPU
		{26EE2E9A-2038-4B1F-A6D9-B9D8B9C27C47}.Debug|Any CPU.Build.0 = Debug|Any CPU
		{26EE2E9A-2038-4B1F-A6D9-B9D8B9C27C47}.Release|Any CPU.ActiveCfg = Release|Any CPU
		{26EE2E9A-2038-4B1F-A6D9-B9D8B9C27C47}.Release|Any CPU.Build.0 = Release|Any CPU
	EndGlobalSection
	GlobalSection(SolutionProperties) = preSolution
		HideSolutionNode = FALSE
	EndGlobalSection
	GlobalSection(ExtensibilityGlobals) = postSolution
		SolutionGuid = {70C69F10-6C2C-4BA9-BFEB-C981889DBCAE}
	EndGlobalSection
EndGlobal
